<?xml version="1.0" encoding="utf-8"?>
<Project ToolsVersion="4.0" xmlns="http://schemas.microsoft.com/developer/msbuild/2003">
  <ItemGroup>
    <Filter Include="Source Files">
      <UniqueIdentifier>{3e3a6965-7a22-46e3-a352-4c8a5acf1d9d}</UniqueIdentifier>
    </Filter>
    <Filter Include="Resource Files">
      <UniqueIdentifier>{910d0754-ea7e-490b-8daf-0b60abe37a4b}</UniqueIdentifier>
    </Filter>
    <Filter Include="VST">
      <UniqueIdentifier>{ec5a66e1-e411-41e1-90b1-d079aec84f24}</UniqueIdentifier>
    </Filter>
    <Filter Include="Source Files\Headers">
      <UniqueIdentifier>{685766d3-fc15-4b08-a8b4-d3512a96e263}</UniqueIdentifier>
    </Filter>
    <Filter Include="VST\VSTGUI">
      <UniqueIdentifier>{58604bae-ea0d-413e-8d27-b382618e9ec4}</UniqueIdentifier>
    </Filter>
    <Filter Include="VST\VSTGUI\VSTGUI Headers">
      <UniqueIdentifier>{b6247cc7-db61-4874-868e-4c2f7e0fcd2a}</UniqueIdentifier>
    </Filter>
    <Filter Include="VST\VST Headers">
      <UniqueIdentifier>{7ad22732-34ca-4015-9174-44a53dc268e5}</UniqueIdentifier>
    </Filter>
    <Filter Include="cef">
      <UniqueIdentifier>{f1df2959-d753-4975-aba2-abe1c7c72046}</UniqueIdentifier>
    </Filter>
    <Filter Include="cef\cef headers">
      <UniqueIdentifier>{d5b36458-1f72-4959-801f-20931cca19d8}</UniqueIdentifier>
    </Filter>
    <Filter Include="cef\cef includes">
      <UniqueIdentifier>{057b1b1b-de8c-46b2-83dc-eef4c210b8ef}</UniqueIdentifier>
    </Filter>
    <Filter Include="cef\cef includes\capi">
      <UniqueIdentifier>{cca6110f-b64b-491b-8901-587108bbfb9d}</UniqueIdentifier>
    </Filter>
    <Filter Include="cef\cef includes\internal">
      <UniqueIdentifier>{f675665e-c69f-4904-ac7e-863906f1854b}</UniqueIdentifier>
    </Filter>
    <Filter Include="cef\cef includes\wrapper">
      <UniqueIdentifier>{fb904481-2072-40bb-96cf-7762a0b417f9}</UniqueIdentifier>
    </Filter>
  </ItemGroup>
  <ItemGroup>
    <ClCompile Include="AmplitudeImposer.cpp">
      <Filter>Source Files</Filter>
    </ClCompile>
    <ClCompile Include="AmplitudeImposerEditor.cpp">
      <Filter>Source Files</Filter>
    </ClCompile>
    <ClCompile Include="AmplitudeImposerMain.cpp">
      <Filter>Source Files</Filter>
    </ClCompile>
    <ClCompile Include="RightClickControls.cpp">
      <Filter>Source Files</Filter>
    </ClCompile>
    <ClCompile Include="VST\audioeffect.cpp">
      <Filter>VST</Filter>
    </ClCompile>
    <ClCompile Include="VST\audioeffectx.cpp">
      <Filter>VST</Filter>
    </ClCompile>
    <ClCompile Include="VST\vstplugmain.cpp">
      <Filter>VST</Filter>
    </ClCompile>
    <ClCompile Include="VST\vstgui.sf\vstgui\vstgui.cpp">
      <Filter>VST\VSTGUI</Filter>
    </ClCompile>
    <ClCompile Include="VST\vstgui.sf\vstgui\aeffguieditor.cpp">
      <Filter>VST\VSTGUI</Filter>
    </ClCompile>
    <ClCompile Include="VST\vstgui.sf\vstgui\cfileselector.cpp">
      <Filter>VST\VSTGUI</Filter>
    </ClCompile>
    <ClCompile Include="VST\vstgui.sf\vstgui\cscrollview.cpp">
      <Filter>VST\VSTGUI</Filter>
    </ClCompile>
    <ClCompile Include="VST\vstgui.sf\vstgui\ctabview.cpp">
      <Filter>VST\VSTGUI</Filter>
    </ClCompile>
    <ClCompile Include="VST\vstgui.sf\vstgui\plugguieditor.cpp">
      <Filter>VST\VSTGUI</Filter>
    </ClCompile>
    <ClCompile Include="VST\vstgui.sf\vstgui\vstcontrols.cpp">
      <Filter>VST\VSTGUI</Filter>
    </ClCompile>
    <ClCompile Include="deps\cef\cefclient\binding_test.cpp">
      <Filter>cef</Filter>
    </ClCompile>
    <ClCompile Include="deps\cef\cefclient\cefclient.cpp">
      <Filter>cef</Filter>
    </ClCompile>
    <ClCompile Include="deps\cef\cefclient\cefclient_win.cpp">
      <Filter>cef</Filter>
    </ClCompile>
    <ClCompile Include="deps\cef\cefclient\client_app.cpp">
      <Filter>cef</Filter>
    </ClCompile>
    <ClCompile Include="deps\cef\cefclient\client_app_delegates.cpp">
      <Filter>cef</Filter>
    </ClCompile>
    <ClCompile Include="deps\cef\cefclient\client_handler.cpp">
      <Filter>cef</Filter>
    </ClCompile>
    <ClCompile Include="deps\cef\cefclient\client_handler_win.cpp">
      <Filter>cef</Filter>
    </ClCompile>
    <ClCompile Include="deps\cef\cefclient\client_renderer.cpp">
      <Filter>cef</Filter>
    </ClCompile>
    <ClCompile Include="deps\cef\cefclient\client_switches.cpp">
      <Filter>cef</Filter>
    </ClCompile>
    <ClCompile Include="deps\cef\cefclient\dom_test.cpp">
      <Filter>cef</Filter>
    </ClCompile>
    <ClCompile Include="deps\cef\cefclient\resource_util_win.cpp">
      <Filter>cef</Filter>
    </ClCompile>
    <ClCompile Include="deps\cef\cefclient\scheme_test.cpp">
      <Filter>cef</Filter>
    </ClCompile>
    <ClCompile Include="deps\cef\cefclient\string_util.cpp">
      <Filter>cef</Filter>
    </ClCompile>
  </ItemGroup>
  <ItemGroup>
    <ClInclude Include="AmplitudeImposerEditor.h">
      <Filter>Source Files\Headers</Filter>
    </ClInclude>
    <ClInclude Include="AmplitudeImposer.h">
      <Filter>Source Files\Headers</Filter>
    </ClInclude>
    <ClInclude Include="RightClickControls.h">
      <Filter>Source Files\Headers</Filter>
    </ClInclude>
    <ClInclude Include="resource.h">
      <Filter>Source Files\Headers</Filter>
    </ClInclude>
    <ClInclude Include="VST\vstgui.sf\vstgui\aeffguieditor.h">
      <Filter>VST\VSTGUI\VSTGUI Headers</Filter>
    </ClInclude>
    <ClInclude Include="VST\vstgui.sf\vstgui\cfileselector.h">
      <Filter>VST\VSTGUI\VSTGUI Headers</Filter>
    </ClInclude>
    <ClInclude Include="VST\vstgui.sf\vstgui\cscrollview.h">
      <Filter>VST\VSTGUI\VSTGUI Headers</Filter>
    </ClInclude>
    <ClInclude Include="VST\vstgui.sf\vstgui\ctabview.h">
      <Filter>VST\VSTGUI\VSTGUI Headers</Filter>
    </ClInclude>
    <ClInclude Include="VST\vstgui.sf\vstgui\plugguieditor.h">
      <Filter>VST\VSTGUI\VSTGUI Headers</Filter>
    </ClInclude>
    <ClInclude Include="VST\vstgui.sf\vstgui\vstcontrols.h">
      <Filter>VST\VSTGUI\VSTGUI Headers</Filter>
    </ClInclude>
    <ClInclude Include="VST\vstgui.sf\vstgui\vstgui.h">
      <Filter>VST\VSTGUI\VSTGUI Headers</Filter>
    </ClInclude>
    <ClInclude Include="VST\vstgui.sf\vstgui\vstkeycode.h">
      <Filter>VST\VSTGUI\VSTGUI Headers</Filter>
    </ClInclude>
    <ClInclude Include="VST\vstgui.sf\vstgui\vstplugscarbon.h">
      <Filter>VST\VSTGUI\VSTGUI Headers</Filter>
    </ClInclude>
    <ClInclude Include="VST\vstgui.sf\vstgui\vstplugsmac.h">
      <Filter>VST\VSTGUI\VSTGUI Headers</Filter>
    </ClInclude>
    <ClInclude Include="VST\vstgui.sf\vstgui\vstplugsmacho.h">
      <Filter>VST\VSTGUI\VSTGUI Headers</Filter>
    </ClInclude>
    <ClInclude Include="VST\vstgui.sf\vstgui\vstplugsquartz.h">
      <Filter>VST\VSTGUI\VSTGUI Headers</Filter>
    </ClInclude>
    <ClInclude Include="VST\aeffeditor.h">
      <Filter>VST\VST Headers</Filter>
    </ClInclude>
    <ClInclude Include="VST\audioeffect.h">
      <Filter>VST\VST Headers</Filter>
    </ClInclude>
    <ClInclude Include="VST\audioeffectx.h">
      <Filter>VST\VST Headers</Filter>
    </ClInclude>
    <ClInclude Include="deps\cef\cefclient\binding_test.h">
      <Filter>cef\cef headers</Filter>
    </ClInclude>
    <ClInclude Include="deps\cef\cefclient\cefclient.h">
      <Filter>cef\cef headers</Filter>
    </ClInclude>
    <ClInclude Include="deps\cef\cefclient\client_app.h">
      <Filter>cef\cef headers</Filter>
    </ClInclude>
    <ClInclude Include="deps\cef\cefclient\client_handler.h">
      <Filter>cef\cef headers</Filter>
    </ClInclude>
    <ClInclude Include="deps\cef\cefclient\client_renderer.h">
      <Filter>cef\cef headers</Filter>
    </ClInclude>
    <ClInclude Include="deps\cef\cefclient\client_switches.h">
      <Filter>cef\cef headers</Filter>
    </ClInclude>
    <ClInclude Include="deps\cef\cefclient\dom_test.h">
      <Filter>cef\cef headers</Filter>
    </ClInclude>
    <ClInclude Include="deps\cef\cefclient\resource.h">
      <Filter>cef\cef headers</Filter>
    </ClInclude>
    <ClInclude Include="deps\cef\cefclient\resource_util.h">
      <Filter>cef\cef headers</Filter>
    </ClInclude>
    <ClInclude Include="deps\cef\cefclient\scheme_test.h">
      <Filter>cef\cef headers</Filter>
    </ClInclude>
    <ClInclude Include="deps\cef\cefclient\string_util.h">
      <Filter>cef\cef headers</Filter>
    </ClInclude>
    <ClInclude Include="deps\cef\cefclient\util.h">
      <Filter>cef\cef headers</Filter>
    </ClInclude>
    <ClInclude Include="deps\cef\include\cef_command_line.h">
      <Filter>cef\cef includes</Filter>
    </ClInclude>
    <ClInclude Include="deps\cef\include\cef_context_menu_handler.h">
      <Filter>cef\cef includes</Filter>
    </ClInclude>
    <ClInclude Include="deps\cef\include\cef_cookie.h">
      <Filter>cef\cef includes</Filter>
    </ClInclude>
    <ClInclude Include="deps\cef\include\cef_display_handler.h">
      <Filter>cef\cef includes</Filter>
    </ClInclude>
    <ClInclude Include="deps\cef\include\cef_dom.h">
      <Filter>cef\cef includes</Filter>
    </ClInclude>
    <ClInclude Include="deps\cef\include\cef_download_handler.h">
      <Filter>cef\cef includes</Filter>
    </ClInclude>
    <ClInclude Include="deps\cef\include\cef_download_item.h">
      <Filter>cef\cef includes</Filter>
    </ClInclude>
    <ClInclude Include="deps\cef\include\cef_focus_handler.h">
      <Filter>cef\cef includes</Filter>
    </ClInclude>
    <ClInclude Include="deps\cef\include\cef_frame.h">
      <Filter>cef\cef includes</Filter>
    </ClInclude>
    <ClInclude Include="deps\cef\include\cef_geolocation_handler.h">
      <Filter>cef\cef includes</Filter>
    </ClInclude>
    <ClInclude Include="deps\cef\include\cef_jsdialog_handler.h">
      <Filter>cef\cef includes</Filter>
    </ClInclude>
    <ClInclude Include="deps\cef\include\cef_keyboard_handler.h">
      <Filter>cef\cef includes</Filter>
    </ClInclude>
    <ClInclude Include="deps\cef\include\cef_life_span_handler.h">
      <Filter>cef\cef includes</Filter>
    </ClInclude>
    <ClInclude Include="deps\cef\include\cef_load_handler.h">
      <Filter>cef\cef includes</Filter>
    </ClInclude>
    <ClInclude Include="deps\cef\include\cef_menu_model.h">
      <Filter>cef\cef includes</Filter>
    </ClInclude>
    <ClInclude Include="deps\cef\include\cef_origin_whitelist.h">
      <Filter>cef\cef includes</Filter>
    </ClInclude>
    <ClInclude Include="deps\cef\include\cef_pack_resources.h">
      <Filter>cef\cef includes</Filter>
    </ClInclude>
    <ClInclude Include="deps\cef\include\cef_pack_strings.h">
      <Filter>cef\cef includes</Filter>
    </ClInclude>
    <ClInclude Include="deps\cef\include\cef_path_util.h">
      <Filter>cef\cef includes</Filter>
    </ClInclude>
    <ClInclude Include="deps\cef\include\cef_process_message.h">
      <Filter>cef\cef includes</Filter>
    </ClInclude>
    <ClInclude Include="deps\cef\include\cef_process_util.h">
      <Filter>cef\cef includes</Filter>
    </ClInclude>
    <ClInclude Include="deps\cef\include\cef_proxy_handler.h">
      <Filter>cef\cef includes</Filter>
    </ClInclude>
    <ClInclude Include="deps\cef\include\cef_render_process_handler.h">
      <Filter>cef\cef includes</Filter>
    </ClInclude>
    <ClInclude Include="deps\cef\include\cef_request.h">
      <Filter>cef\cef includes</Filter>
    </ClInclude>
    <ClInclude Include="deps\cef\include\cef_request_handler.h">
      <Filter>cef\cef includes</Filter>
    </ClInclude>
    <ClInclude Include="deps\cef\include\cef_resource_bundle_handler.h">
      <Filter>cef\cef includes</Filter>
    </ClInclude>
    <ClInclude Include="deps\cef\include\cef_resource_handler.h">
      <Filter>cef\cef includes</Filter>
    </ClInclude>
    <ClInclude Include="deps\cef\include\cef_response.h">
      <Filter>cef\cef includes</Filter>
    </ClInclude>
    <ClInclude Include="deps\cef\include\cef_runnable.h">
      <Filter>cef\cef includes</Filter>
    </ClInclude>
    <ClInclude Include="deps\cef\include\cef_scheme.h">
      <Filter>cef\cef includes</Filter>
    </ClInclude>
    <ClInclude Include="deps\cef\include\cef_stream.h">
      <Filter>cef\cef includes</Filter>
    </ClInclude>
    <ClInclude Include="deps\cef\include\cef_string_visitor.h">
      <Filter>cef\cef includes</Filter>
    </ClInclude>
    <ClInclude Include="deps\cef\include\cef_task.h">
      <Filter>cef\cef includes</Filter>
    </ClInclude>
    <ClInclude Include="deps\cef\include\cef_url.h">
      <Filter>cef\cef includes</Filter>
    </ClInclude>
    <ClInclude Include="deps\cef\include\cef_urlrequest.h">
      <Filter>cef\cef includes</Filter>
    </ClInclude>
    <ClInclude Include="deps\cef\include\cef_v8.h">
      <Filter>cef\cef includes</Filter>
    </ClInclude>
    <ClInclude Include="deps\cef\include\cef_values.h">
      <Filter>cef\cef includes</Filter>
    </ClInclude>
    <ClInclude Include="deps\cef\include\cef_version.h">
      <Filter>cef\cef includes</Filter>
    </ClInclude>
    <ClInclude Include="deps\cef\include\cef_web_plugin.h">
      <Filter>cef\cef includes</Filter>
    </ClInclude>
    <ClInclude Include="deps\cef\include\cef_xml_reader.h">
      <Filter>cef\cef includes</Filter>
    </ClInclude>
    <ClInclude Include="deps\cef\include\cef_zip_reader.h">
      <Filter>cef\cef includes</Filter>
    </ClInclude>
    <ClInclude Include="deps\cef\include\cef_app.h">
      <Filter>cef\cef includes</Filter>
    </ClInclude>
    <ClInclude Include="deps\cef\include\cef_base.h">
      <Filter>cef\cef includes</Filter>
    </ClInclude>
    <ClInclude Include="deps\cef\include\cef_browser.h">
      <Filter>cef\cef includes</Filter>
    </ClInclude>
    <ClInclude Include="deps\cef\include\cef_browser_process_handler.h">
      <Filter>cef\cef includes</Filter>
    </ClInclude>
    <ClInclude Include="deps\cef\include\cef_callback.h">
      <Filter>cef\cef includes</Filter>
    </ClInclude>
    <ClInclude Include="deps\cef\include\cef_client.h">
      <Filter>cef\cef includes</Filter>
    </ClInclude>
    <ClInclude Include="deps\cef\include\capi\cef_app_capi.h">
      <Filter>cef\cef includes\capi</Filter>
    </ClInclude>
    <ClInclude Include="deps\cef\include\capi\cef_base_capi.h">
      <Filter>cef\cef includes\capi</Filter>
    </ClInclude>
    <ClInclude Include="deps\cef\include\capi\cef_browser_capi.h">
      <Filter>cef\cef includes\capi</Filter>
    </ClInclude>
    <ClInclude Include="deps\cef\include\capi\cef_browser_process_handler_capi.h">
      <Filter>cef\cef includes\capi</Filter>
    </ClInclude>
    <ClInclude Include="deps\cef\include\capi\cef_callback_capi.h">
      <Filter>cef\cef includes\capi</Filter>
    </ClInclude>
    <ClInclude Include="deps\cef\include\capi\cef_client_capi.h">
      <Filter>cef\cef includes\capi</Filter>
    </ClInclude>
    <ClInclude Include="deps\cef\include\capi\cef_command_line_capi.h">
      <Filter>cef\cef includes\capi</Filter>
    </ClInclude>
    <ClInclude Include="deps\cef\include\capi\cef_context_menu_handler_capi.h">
      <Filter>cef\cef includes\capi</Filter>
    </ClInclude>
    <ClInclude Include="deps\cef\include\capi\cef_cookie_capi.h">
      <Filter>cef\cef includes\capi</Filter>
    </ClInclude>
    <ClInclude Include="deps\cef\include\capi\cef_display_handler_capi.h">
      <Filter>cef\cef includes\capi</Filter>
    </ClInclude>
    <ClInclude Include="deps\cef\include\capi\cef_dom_capi.h">
      <Filter>cef\cef includes\capi</Filter>
    </ClInclude>
    <ClInclude Include="deps\cef\include\capi\cef_download_handler_capi.h">
      <Filter>cef\cef includes\capi</Filter>
    </ClInclude>
    <ClInclude Include="deps\cef\include\capi\cef_download_item_capi.h">
      <Filter>cef\cef includes\capi</Filter>
    </ClInclude>
    <ClInclude Include="deps\cef\include\capi\cef_focus_handler_capi.h">
      <Filter>cef\cef includes\capi</Filter>
    </ClInclude>
    <ClInclude Include="deps\cef\include\capi\cef_frame_capi.h">
      <Filter>cef\cef includes\capi</Filter>
    </ClInclude>
    <ClInclude Include="deps\cef\include\capi\cef_geolocation_handler_capi.h">
      <Filter>cef\cef includes\capi</Filter>
    </ClInclude>
    <ClInclude Include="deps\cef\include\capi\cef_jsdialog_handler_capi.h">
      <Filter>cef\cef includes\capi</Filter>
    </ClInclude>
    <ClInclude Include="deps\cef\include\capi\cef_keyboard_handler_capi.h">
      <Filter>cef\cef includes\capi</Filter>
    </ClInclude>
    <ClInclude Include="deps\cef\include\capi\cef_life_span_handler_capi.h">
      <Filter>cef\cef includes\capi</Filter>
    </ClInclude>
    <ClInclude Include="deps\cef\include\capi\cef_load_handler_capi.h">
      <Filter>cef\cef includes\capi</Filter>
    </ClInclude>
    <ClInclude Include="deps\cef\include\capi\cef_menu_model_capi.h">
      <Filter>cef\cef includes\capi</Filter>
    </ClInclude>
    <ClInclude Include="deps\cef\include\capi\cef_origin_whitelist_capi.h">
      <Filter>cef\cef includes\capi</Filter>
    </ClInclude>
    <ClInclude Include="deps\cef\include\capi\cef_path_util_capi.h">
      <Filter>cef\cef includes\capi</Filter>
    </ClInclude>
    <ClInclude Include="deps\cef\include\capi\cef_process_message_capi.h">
      <Filter>cef\cef includes\capi</Filter>
    </ClInclude>
    <ClInclude Include="deps\cef\include\capi\cef_process_util_capi.h">
      <Filter>cef\cef includes\capi</Filter>
    </ClInclude>
    <ClInclude Include="deps\cef\include\capi\cef_proxy_handler_capi.h">
      <Filter>cef\cef includes\capi</Filter>
    </ClInclude>
    <ClInclude Include="deps\cef\include\capi\cef_render_process_handler_capi.h">
      <Filter>cef\cef includes\capi</Filter>
    </ClInclude>
    <ClInclude Include="deps\cef\include\capi\cef_request_capi.h">
      <Filter>cef\cef includes\capi</Filter>
    </ClInclude>
    <ClInclude Include="deps\cef\include\capi\cef_request_handler_capi.h">
      <Filter>cef\cef includes\capi</Filter>
    </ClInclude>
    <ClInclude Include="deps\cef\include\capi\cef_resource_bundle_handler_capi.h">
      <Filter>cef\cef includes\capi</Filter>
    </ClInclude>
    <ClInclude Include="deps\cef\include\capi\cef_resource_handler_capi.h">
      <Filter>cef\cef includes\capi</Filter>
    </ClInclude>
    <ClInclude Include="deps\cef\include\capi\cef_response_capi.h">
      <Filter>cef\cef includes\capi</Filter>
    </ClInclude>
    <ClInclude Include="deps\cef\include\capi\cef_scheme_capi.h">
      <Filter>cef\cef includes\capi</Filter>
    </ClInclude>
    <ClInclude Include="deps\cef\include\capi\cef_stream_capi.h">
      <Filter>cef\cef includes\capi</Filter>
    </ClInclude>
    <ClInclude Include="deps\cef\include\capi\cef_string_visitor_capi.h">
      <Filter>cef\cef includes\capi</Filter>
    </ClInclude>
    <ClInclude Include="deps\cef\include\capi\cef_task_capi.h">
      <Filter>cef\cef includes\capi</Filter>
    </ClInclude>
    <ClInclude Include="deps\cef\include\capi\cef_url_capi.h">
      <Filter>cef\cef includes\capi</Filter>
    </ClInclude>
    <ClInclude Include="deps\cef\include\capi\cef_urlrequest_capi.h">
      <Filter>cef\cef includes\capi</Filter>
    </ClInclude>
    <ClInclude Include="deps\cef\include\capi\cef_v8_capi.h">
      <Filter>cef\cef includes\capi</Filter>
    </ClInclude>
    <ClInclude Include="deps\cef\include\capi\cef_values_capi.h">
      <Filter>cef\cef includes\capi</Filter>
    </ClInclude>
    <ClInclude Include="deps\cef\include\capi\cef_web_plugin_capi.h">
      <Filter>cef\cef includes\capi</Filter>
    </ClInclude>
    <ClInclude Include="deps\cef\include\capi\cef_xml_reader_capi.h">
      <Filter>cef\cef includes\capi</Filter>
    </ClInclude>
    <ClInclude Include="deps\cef\include\capi\cef_zip_reader_capi.h">
      <Filter>cef\cef includes\capi</Filter>
    </ClInclude>
    <ClInclude Include="deps\cef\include\internal\cef_string_wrappers.h">
      <Filter>cef\cef includes\internal</Filter>
    </ClInclude>
    <ClInclude Include="deps\cef\include\internal\cef_time.h">
      <Filter>cef\cef includes\internal</Filter>
    </ClInclude>
    <ClInclude Include="deps\cef\include\internal\cef_tuple.h">
      <Filter>cef\cef includes\internal</Filter>
    </ClInclude>
    <ClInclude Include="deps\cef\include\internal\cef_types.h">
      <Filter>cef\cef includes\internal</Filter>
    </ClInclude>
    <ClInclude Include="deps\cef\include\internal\cef_types_win.h">
      <Filter>cef\cef includes\internal</Filter>
    </ClInclude>
    <ClInclude Include="deps\cef\include\internal\cef_types_wrappers.h">
      <Filter>cef\cef includes\internal</Filter>
    </ClInclude>
    <ClInclude Include="deps\cef\include\internal\cef_win.h">
      <Filter>cef\cef includes\internal</Filter>
    </ClInclude>
    <ClInclude Include="deps\cef\include\internal\cef_build.h">
      <Filter>cef\cef includes\internal</Filter>
    </ClInclude>
    <ClInclude Include="deps\cef\include\internal\cef_export.h">
      <Filter>cef\cef includes\internal</Filter>
    </ClInclude>
    <ClInclude Include="deps\cef\include\internal\cef_ptr.h">
      <Filter>cef\cef includes\internal</Filter>
    </ClInclude>
    <ClInclude Include="deps\cef\include\internal\cef_string.h">
      <Filter>cef\cef includes\internal</Filter>
    </ClInclude>
    <ClInclude Include="deps\cef\include\internal\cef_string_list.h">
      <Filter>cef\cef includes\internal</Filter>
    </ClInclude>
    <ClInclude Include="deps\cef\include\internal\cef_string_map.h">
      <Filter>cef\cef includes\internal</Filter>
    </ClInclude>
    <ClInclude Include="deps\cef\include\internal\cef_string_multimap.h">
      <Filter>cef\cef includes\internal</Filter>
    </ClInclude>
    <ClInclude Include="deps\cef\include\internal\cef_string_types.h">
      <Filter>cef\cef includes\internal</Filter>
    </ClInclude>
    <ClInclude Include="deps\cef\include\wrapper\cef_byte_read_handler.h">
      <Filter>cef\cef includes\wrapper</Filter>
    </ClInclude>
    <ClInclude Include="deps\cef\include\wrapper\cef_stream_resource_handler.h">
      <Filter>cef\cef includes\wrapper</Filter>
    </ClInclude>
    <ClInclude Include="deps\cef\include\wrapper\cef_xml_object.h">
      <Filter>cef\cef includes\wrapper</Filter>
    </ClInclude>
    <ClInclude Include="deps\cef\include\wrapper\cef_zip_archive.h">
      <Filter>cef\cef includes\wrapper</Filter>
    </ClInclude>
  </ItemGroup>
  <ItemGroup>
    <ResourceCompile Include="AmplitudeImposer.rc" />
  </ItemGroup>
  <ItemGroup>
    <CustomBuild Include="images\back.bmp" />
    <CustomBuild Include="images\slider.bmp" />
  </ItemGroup>
  <ItemGroup>
    <None Include="AmplitudeImposer.def">
      <Filter>Source Files\Headers</Filter>
    </None>
  </ItemGroup>
</Project>